// !$*UTF8*$!
{
	archiveVersion = 1;
	classes = {
	};
	objectVersion = 46;
	objects = {

/* Begin PBXBuildFile section */
		0221F6391E97F2EE007C87E0 /* Home.storyboard in Resources */ = {isa = PBXBuildFile; fileRef = 0221F6381E97F2EE007C87E0 /* Home.storyboard */; };
		0221F63D1E97F5B6007C87E0 /* HomeViewController.m in Sources */ = {isa = PBXBuildFile; fileRef = 0221F63C1E97F5B6007C87E0 /* HomeViewController.m */; };
		027840501E96C3EE00E231F1 /* main.m in Sources */ = {isa = PBXBuildFile; fileRef = 0278404F1E96C3EE00E231F1 /* main.m */; };
		027840531E96C3EE00E231F1 /* AppDelegate.m in Sources */ = {isa = PBXBuildFile; fileRef = 027840521E96C3EE00E231F1 /* AppDelegate.m */; };
		0278405B1E96C3EE00E231F1 /* Assets.xcassets in Resources */ = {isa = PBXBuildFile; fileRef = 0278405A1E96C3EE00E231F1 /* Assets.xcassets */; };
		0278405E1E96C3EE00E231F1 /* LaunchScreen.storyboard in Resources */ = {isa = PBXBuildFile; fileRef = 0278405C1E96C3EE00E231F1 /* LaunchScreen.storyboard */; };
		0278406C1E96C4C400E231F1 /* OnboardViewController.m in Sources */ = {isa = PBXBuildFile; fileRef = 0278406B1E96C4C400E231F1 /* OnboardViewController.m */; };
		0278406F1E96C4E100E231F1 /* Main.storyboard in Resources */ = {isa = PBXBuildFile; fileRef = 0278406E1E96C4E100E231F1 /* Main.storyboard */; };
		027840721E97064300E231F1 /* SignUpViewController.m in Sources */ = {isa = PBXBuildFile; fileRef = 027840711E97064300E231F1 /* SignUpViewController.m */; };
		027840751E97064F00E231F1 /* LoginViewController.m in Sources */ = {isa = PBXBuildFile; fileRef = 027840741E97064F00E231F1 /* LoginViewController.m */; };
		0278407A1E97483000E231F1 /* GoogleService-Info.plist in Resources */ = {isa = PBXBuildFile; fileRef = 027840791E97483000E231F1 /* GoogleService-Info.plist */; };
		0278407D1E9749A900E231F1 /* AuthManager.m in Sources */ = {isa = PBXBuildFile; fileRef = 0278407C1E9749A900E231F1 /* AuthManager.m */; };
		02DD31961E9AB2C300BEF14F /* PageViewController.m in Sources */ = {isa = PBXBuildFile; fileRef = 02DD31951E9AB2C300BEF14F /* PageViewController.m */; };
		02DD31991E9AB56200BEF14F /* ProfileViewController.m in Sources */ = {isa = PBXBuildFile; fileRef = 02DD31981E9AB56200BEF14F /* ProfileViewController.m */; };
		4841069A8390415568126926 /* Pods_bro.framework in Frameworks */ = {isa = PBXBuildFile; fileRef = 76B251959E1D532637366865 /* Pods_bro.framework */; };
/* End PBXBuildFile section */

/* Begin PBXFileReference section */
		0221F6381E97F2EE007C87E0 /* Home.storyboard */ = {isa = PBXFileReference; fileEncoding = 4; lastKnownFileType = file.storyboard; path = Home.storyboard; sourceTree = "<group>"; };
		0221F63B1E97F5B6007C87E0 /* HomeViewController.h */ = {isa = PBXFileReference; fileEncoding = 4; lastKnownFileType = sourcecode.c.h; path = HomeViewController.h; sourceTree = "<group>"; };
		0221F63C1E97F5B6007C87E0 /* HomeViewController.m */ = {isa = PBXFileReference; fileEncoding = 4; lastKnownFileType = sourcecode.c.objc; path = HomeViewController.m; sourceTree = "<group>"; };
		0278404B1E96C3EE00E231F1 /* bro.app */ = {isa = PBXFileReference; explicitFileType = wrapper.application; includeInIndex = 0; path = bro.app; sourceTree = BUILT_PRODUCTS_DIR; };
		0278404F1E96C3EE00E231F1 /* main.m */ = {isa = PBXFileReference; lastKnownFileType = sourcecode.c.objc; path = main.m; sourceTree = "<group>"; };
		027840511E96C3EE00E231F1 /* AppDelegate.h */ = {isa = PBXFileReference; lastKnownFileType = sourcecode.c.h; path = AppDelegate.h; sourceTree = "<group>"; };
		027840521E96C3EE00E231F1 /* AppDelegate.m */ = {isa = PBXFileReference; lastKnownFileType = sourcecode.c.objc; path = AppDelegate.m; sourceTree = "<group>"; };
		0278405A1E96C3EE00E231F1 /* Assets.xcassets */ = {isa = PBXFileReference; lastKnownFileType = folder.assetcatalog; path = Assets.xcassets; sourceTree = "<group>"; };
		0278405D1E96C3EE00E231F1 /* Base */ = {isa = PBXFileReference; lastKnownFileType = file.storyboard; name = Base; path = Base.lproj/LaunchScreen.storyboard; sourceTree = "<group>"; };
		0278405F1E96C3EE00E231F1 /* Info.plist */ = {isa = PBXFileReference; lastKnownFileType = text.plist.xml; path = Info.plist; sourceTree = "<group>"; };
		0278406A1E96C4C400E231F1 /* OnboardViewController.h */ = {isa = PBXFileReference; fileEncoding = 4; lastKnownFileType = sourcecode.c.h; name = OnboardViewController.h; path = Auth/OnboardViewController.h; sourceTree = "<group>"; };
		0278406B1E96C4C400E231F1 /* OnboardViewController.m */ = {isa = PBXFileReference; fileEncoding = 4; lastKnownFileType = sourcecode.c.objc; name = OnboardViewController.m; path = Auth/OnboardViewController.m; sourceTree = "<group>"; };
		0278406E1E96C4E100E231F1 /* Main.storyboard */ = {isa = PBXFileReference; fileEncoding = 4; lastKnownFileType = file.storyboard; path = Main.storyboard; sourceTree = "<group>"; };
		027840701E97064300E231F1 /* SignUpViewController.h */ = {isa = PBXFileReference; fileEncoding = 4; lastKnownFileType = sourcecode.c.h; name = SignUpViewController.h; path = Auth/SignUpViewController.h; sourceTree = "<group>"; };
		027840711E97064300E231F1 /* SignUpViewController.m */ = {isa = PBXFileReference; fileEncoding = 4; lastKnownFileType = sourcecode.c.objc; name = SignUpViewController.m; path = Auth/SignUpViewController.m; sourceTree = "<group>"; };
		027840731E97064F00E231F1 /* LoginViewController.h */ = {isa = PBXFileReference; fileEncoding = 4; lastKnownFileType = sourcecode.c.h; name = LoginViewController.h; path = Auth/LoginViewController.h; sourceTree = "<group>"; };
		027840741E97064F00E231F1 /* LoginViewController.m */ = {isa = PBXFileReference; fileEncoding = 4; lastKnownFileType = sourcecode.c.objc; name = LoginViewController.m; path = Auth/LoginViewController.m; sourceTree = "<group>"; };
		027840791E97483000E231F1 /* GoogleService-Info.plist */ = {isa = PBXFileReference; fileEncoding = 4; lastKnownFileType = text.plist.xml; path = "GoogleService-Info.plist"; sourceTree = "<group>"; };
		0278407B1E9749A900E231F1 /* AuthManager.h */ = {isa = PBXFileReference; fileEncoding = 4; lastKnownFileType = sourcecode.c.h; path = AuthManager.h; sourceTree = "<group>"; };
		0278407C1E9749A900E231F1 /* AuthManager.m */ = {isa = PBXFileReference; fileEncoding = 4; lastKnownFileType = sourcecode.c.objc; path = AuthManager.m; sourceTree = "<group>"; };
		02DD31941E9AB2C300BEF14F /* PageViewController.h */ = {isa = PBXFileReference; fileEncoding = 4; lastKnownFileType = sourcecode.c.h; path = PageViewController.h; sourceTree = "<group>"; };
		02DD31951E9AB2C300BEF14F /* PageViewController.m */ = {isa = PBXFileReference; fileEncoding = 4; lastKnownFileType = sourcecode.c.objc; path = PageViewController.m; sourceTree = "<group>"; };
		02DD31971E9AB56200BEF14F /* ProfileViewController.h */ = {isa = PBXFileReference; fileEncoding = 4; lastKnownFileType = sourcecode.c.h; path = ProfileViewController.h; sourceTree = "<group>"; };
		02DD31981E9AB56200BEF14F /* ProfileViewController.m */ = {isa = PBXFileReference; fileEncoding = 4; lastKnownFileType = sourcecode.c.objc; path = ProfileViewController.m; sourceTree = "<group>"; };
		1E7978981E31365E53249527 /* Pods-bro.release.xcconfig */ = {isa = PBXFileReference; includeInIndex = 1; lastKnownFileType = text.xcconfig; name = "Pods-bro.release.xcconfig"; path = "Pods/Target Support Files/Pods-bro/Pods-bro.release.xcconfig"; sourceTree = "<group>"; };
		76B251959E1D532637366865 /* Pods_bro.framework */ = {isa = PBXFileReference; explicitFileType = wrapper.framework; includeInIndex = 0; path = Pods_bro.framework; sourceTree = BUILT_PRODUCTS_DIR; };
		8A1B574031C44AC1C01A88BA /* Pods-bro.debug.xcconfig */ = {isa = PBXFileReference; includeInIndex = 1; lastKnownFileType = text.xcconfig; name = "Pods-bro.debug.xcconfig"; path = "Pods/Target Support Files/Pods-bro/Pods-bro.debug.xcconfig"; sourceTree = "<group>"; };
/* End PBXFileReference section */

/* Begin PBXFrameworksBuildPhase section */
		027840481E96C3EE00E231F1 /* Frameworks */ = {
			isa = PBXFrameworksBuildPhase;
			buildActionMask = 2147483647;
			files = (
				4841069A8390415568126926 /* Pods_bro.framework in Frameworks */,
			);
			runOnlyForDeploymentPostprocessing = 0;
		};
/* End PBXFrameworksBuildPhase section */

/* Begin PBXGroup section */
		0221F63A1E97F591007C87E0 /* Main */ = {
			isa = PBXGroup;
			children = (
				0221F63B1E97F5B6007C87E0 /* HomeViewController.h */,
				0221F63C1E97F5B6007C87E0 /* HomeViewController.m */,
				02DD31941E9AB2C300BEF14F /* PageViewController.h */,
				02DD31951E9AB2C300BEF14F /* PageViewController.m */,
				02DD31971E9AB56200BEF14F /* ProfileViewController.h */,
				02DD31981E9AB56200BEF14F /* ProfileViewController.m */,
			);
			path = Main;
			sourceTree = "<group>";
		};
		027840421E96C3EE00E231F1 = {
			isa = PBXGroup;
			children = (
				0278404D1E96C3EE00E231F1 /* bro */,
				0278404C1E96C3EE00E231F1 /* Products */,
				96ED4320B92E6E23FB386F1C /* Pods */,
				DB967AE977795966E4F327D1 /* Frameworks */,
			);
			sourceTree = "<group>";
		};
		0278404C1E96C3EE00E231F1 /* Products */ = {
			isa = PBXGroup;
			children = (
				0278404B1E96C3EE00E231F1 /* bro.app */,
			);
			name = Products;
			sourceTree = "<group>";
		};
		0278404D1E96C3EE00E231F1 /* bro */ = {
			isa = PBXGroup;
			children = (
				027840681E96C42900E231F1 /* Categories */,
				027840671E96C42100E231F1 /* Views */,
				027840661E96C41B00E231F1 /* Model */,
				027840651E96C41400E231F1 /* Controllers */,
				027840691E96C49C00E231F1 /* Support */,
				0278404E1E96C3EE00E231F1 /* Supporting Files */,
			);
			path = bro;
			sourceTree = "<group>";
		};
		0278404E1E96C3EE00E231F1 /* Supporting Files */ = {
			isa = PBXGroup;
			children = (
				0278404F1E96C3EE00E231F1 /* main.m */,
			);
			name = "Supporting Files";
			sourceTree = "<group>";
		};
		027840651E96C41400E231F1 /* Controllers */ = {
			isa = PBXGroup;
			children = (
				0221F63A1E97F591007C87E0 /* Main */,
				0278406D1E96C4CD00E231F1 /* Auth */,
			);
			path = Controllers;
			sourceTree = "<group>";
		};
		027840661E96C41B00E231F1 /* Model */ = {
			isa = PBXGroup;
			children = (
				0278407B1E9749A900E231F1 /* AuthManager.h */,
				0278407C1E9749A900E231F1 /* AuthManager.m */,
			);
			name = Model;
			path = Models;
			sourceTree = "<group>";
		};
		027840671E96C42100E231F1 /* Views */ = {
			isa = PBXGroup;
			children = (
				0278406E1E96C4E100E231F1 /* Main.storyboard */,
				0221F6381E97F2EE007C87E0 /* Home.storyboard */,
			);
			path = Views;
			sourceTree = "<group>";
		};
		027840681E96C42900E231F1 /* Categories */ = {
			isa = PBXGroup;
			children = (
			);
			path = Categories;
			sourceTree = "<group>";
		};
		027840691E96C49C00E231F1 /* Support */ = {
			isa = PBXGroup;
			children = (
				027840791E97483000E231F1 /* GoogleService-Info.plist */,
				027840511E96C3EE00E231F1 /* AppDelegate.h */,
				027840521E96C3EE00E231F1 /* AppDelegate.m */,
				0278405A1E96C3EE00E231F1 /* Assets.xcassets */,
				0278405C1E96C3EE00E231F1 /* LaunchScreen.storyboard */,
				0278405F1E96C3EE00E231F1 /* Info.plist */,
			);
			name = Support;
			sourceTree = "<group>";
		};
		0278406D1E96C4CD00E231F1 /* Auth */ = {
			isa = PBXGroup;
			children = (
				0278406A1E96C4C400E231F1 /* OnboardViewController.h */,
				0278406B1E96C4C400E231F1 /* OnboardViewController.m */,
				027840701E97064300E231F1 /* SignUpViewController.h */,
				027840711E97064300E231F1 /* SignUpViewController.m */,
				027840731E97064F00E231F1 /* LoginViewController.h */,
				027840741E97064F00E231F1 /* LoginViewController.m */,
			);
			name = Auth;
			sourceTree = "<group>";
		};
		96ED4320B92E6E23FB386F1C /* Pods */ = {
			isa = PBXGroup;
			children = (
				8A1B574031C44AC1C01A88BA /* Pods-bro.debug.xcconfig */,
				1E7978981E31365E53249527 /* Pods-bro.release.xcconfig */,
			);
			name = Pods;
			sourceTree = "<group>";
		};
		DB967AE977795966E4F327D1 /* Frameworks */ = {
			isa = PBXGroup;
			children = (
				76B251959E1D532637366865 /* Pods_bro.framework */,
			);
			name = Frameworks;
			sourceTree = "<group>";
		};
/* End PBXGroup section */

/* Begin PBXNativeTarget section */
		0278404A1E96C3EE00E231F1 /* bro */ = {
			isa = PBXNativeTarget;
			buildConfigurationList = 027840621E96C3EE00E231F1 /* Build configuration list for PBXNativeTarget "bro" */;
			buildPhases = (
				0380C63C2E12DAC7B4E3AA76 /* [CP] Check Pods Manifest.lock */,
				027840471E96C3EE00E231F1 /* Sources */,
				027840481E96C3EE00E231F1 /* Frameworks */,
				027840491E96C3EE00E231F1 /* Resources */,
				15020EC345B0EC83D1E11CA4 /* [CP] Embed Pods Frameworks */,
				9C23EB9DF36A415EADE53D94 /* [CP] Copy Pods Resources */,
			);
			buildRules = (
			);
			dependencies = (
			);
			name = bro;
			productName = bro;
			productReference = 0278404B1E96C3EE00E231F1 /* bro.app */;
			productType = "com.apple.product-type.application";
		};
/* End PBXNativeTarget section */

/* Begin PBXProject section */
		027840431E96C3EE00E231F1 /* Project object */ = {
			isa = PBXProject;
			attributes = {
				LastUpgradeCheck = 0830;
				ORGANIZATIONNAME = garytokman;
				TargetAttributes = {
					0278404A1E96C3EE00E231F1 = {
						CreatedOnToolsVersion = 8.3;
						DevelopmentTeam = NTP2A7PJM8;
						ProvisioningStyle = Automatic;
					};
				};
			};
			buildConfigurationList = 027840461E96C3EE00E231F1 /* Build configuration list for PBXProject "bro" */;
			compatibilityVersion = "Xcode 3.2";
			developmentRegion = English;
			hasScannedForEncodings = 0;
			knownRegions = (
				en,
				Base,
			);
			mainGroup = 027840421E96C3EE00E231F1;
			productRefGroup = 0278404C1E96C3EE00E231F1 /* Products */;
			projectDirPath = "";
			projectRoot = "";
			targets = (
				0278404A1E96C3EE00E231F1 /* bro */,
			);
		};
/* End PBXProject section */

/* Begin PBXResourcesBuildPhase section */
		027840491E96C3EE00E231F1 /* Resources */ = {
			isa = PBXResourcesBuildPhase;
			buildActionMask = 2147483647;
			files = (
				0278406F1E96C4E100E231F1 /* Main.storyboard in Resources */,
				0221F6391E97F2EE007C87E0 /* Home.storyboard in Resources */,
				0278407A1E97483000E231F1 /* GoogleService-Info.plist in Resources */,
				0278405E1E96C3EE00E231F1 /* LaunchScreen.storyboard in Resources */,
				0278405B1E96C3EE00E231F1 /* Assets.xcassets in Resources */,
			);
			runOnlyForDeploymentPostprocessing = 0;
		};
/* End PBXResourcesBuildPhase section */

/* Begin PBXShellScriptBuildPhase section */
		0380C63C2E12DAC7B4E3AA76 /* [CP] Check Pods Manifest.lock */ = {
			isa = PBXShellScriptBuildPhase;
			buildActionMask = 2147483647;
			files = (
			);
			inputPaths = (
			);
			name = "[CP] Check Pods Manifest.lock";
			outputPaths = (
			);
			runOnlyForDeploymentPostprocessing = 0;
			shellPath = /bin/sh;
			shellScript = "diff \"${PODS_ROOT}/../Podfile.lock\" \"${PODS_ROOT}/Manifest.lock\" > /dev/null\nif [ $? != 0 ] ; then\n    # print error to STDERR\n    echo \"error: The sandbox is not in sync with the Podfile.lock. Run 'pod install' or update your CocoaPods installation.\" >&2\n    exit 1\nfi\n";
			showEnvVarsInLog = 0;
		};
		15020EC345B0EC83D1E11CA4 /* [CP] Embed Pods Frameworks */ = {
			isa = PBXShellScriptBuildPhase;
			buildActionMask = 2147483647;
			files = (
			);
			inputPaths = (
			);
			name = "[CP] Embed Pods Frameworks";
			outputPaths = (
			);
			runOnlyForDeploymentPostprocessing = 0;
			shellPath = /bin/sh;
			shellScript = "\"${SRCROOT}/Pods/Target Support Files/Pods-bro/Pods-bro-frameworks.sh\"\n";
			showEnvVarsInLog = 0;
		};
		9C23EB9DF36A415EADE53D94 /* [CP] Copy Pods Resources */ = {
			isa = PBXShellScriptBuildPhase;
			buildActionMask = 2147483647;
			files = (
			);
			inputPaths = (
			);
			name = "[CP] Copy Pods Resources";
			outputPaths = (
			);
			runOnlyForDeploymentPostprocessing = 0;
			shellPath = /bin/sh;
			shellScript = "\"${SRCROOT}/Pods/Target Support Files/Pods-bro/Pods-bro-resources.sh\"\n";
			showEnvVarsInLog = 0;
		};
/* End PBXShellScriptBuildPhase section */

/* Begin PBXSourcesBuildPhase section */
		027840471E96C3EE00E231F1 /* Sources */ = {
			isa = PBXSourcesBuildPhase;
			buildActionMask = 2147483647;
			files = (
				027840531E96C3EE00E231F1 /* AppDelegate.m in Sources */,
				02DD31991E9AB56200BEF14F /* ProfileViewController.m in Sources */,
				0278407D1E9749A900E231F1 /* AuthManager.m in Sources */,
				027840501E96C3EE00E231F1 /* main.m in Sources */,
				02DD31961E9AB2C300BEF14F /* PageViewController.m in Sources */,
				027840721E97064300E231F1 /* SignUpViewController.m in Sources */,
				0278406C1E96C4C400E231F1 /* OnboardViewController.m in Sources */,
				0221F63D1E97F5B6007C87E0 /* HomeViewController.m in Sources */,
				027840751E97064F00E231F1 /* LoginViewController.m in Sources */,
			);
			runOnlyForDeploymentPostprocessing = 0;
		};
/* End PBXSourcesBuildPhase section */

/* Begin PBXVariantGroup section */
		0278405C1E96C3EE00E231F1 /* LaunchScreen.storyboard */ = {
			isa = PBXVariantGroup;
			children = (
				0278405D1E96C3EE00E231F1 /* Base */,
			);
			name = LaunchScreen.storyboard;
			sourceTree = "<group>";
		};
/* End PBXVariantGroup section */

/* Begin XCBuildConfiguration section */
		027840601E96C3EE00E231F1 /* Debug */ = {
			isa = XCBuildConfiguration;
			buildSettings = {
				ALWAYS_SEARCH_USER_PATHS = NO;
				CLANG_ANALYZER_NONNULL = YES;
				CLANG_ANALYZER_NUMBER_OBJECT_CONVERSION = YES_AGGRESSIVE;
				CLANG_CXX_LANGUAGE_STANDARD = "gnu++0x";
				CLANG_CXX_LIBRARY = "libc++";
				CLANG_ENABLE_MODULES = YES;
				CLANG_ENABLE_OBJC_ARC = YES;
				CLANG_WARN_BOOL_CONVERSION = YES;
				CLANG_WARN_CONSTANT_CONVERSION = YES;
				CLANG_WARN_DIRECT_OBJC_ISA_USAGE = YES_ERROR;
				CLANG_WARN_DOCUMENTATION_COMMENTS = YES;
				CLANG_WARN_EMPTY_BODY = YES;
				CLANG_WARN_ENUM_CONVERSION = YES;
				CLANG_WARN_INFINITE_RECURSION = YES;
				CLANG_WARN_INT_CONVERSION = YES;
				CLANG_WARN_OBJC_ROOT_CLASS = YES_ERROR;
				CLANG_WARN_SUSPICIOUS_MOVE = YES;
				CLANG_WARN_UNREACHABLE_CODE = YES;
				CLANG_WARN__DUPLICATE_METHOD_MATCH = YES;
				"CODE_SIGN_IDENTITY[sdk=iphoneos*]" = "iPhone Developer";
				COPY_PHASE_STRIP = NO;
				DEBUG_INFORMATION_FORMAT = dwarf;
				ENABLE_STRICT_OBJC_MSGSEND = YES;
				ENABLE_TESTABILITY = YES;
				GCC_C_LANGUAGE_STANDARD = gnu99;
				GCC_DYNAMIC_NO_PIC = NO;
				GCC_NO_COMMON_BLOCKS = YES;
				GCC_OPTIMIZATION_LEVEL = 0;
				GCC_PREPROCESSOR_DEFINITIONS = (
					"DEBUG=1",
					"$(inherited)",
				);
				GCC_WARN_64_TO_32_BIT_CONVERSION = YES;
				GCC_WARN_ABOUT_RETURN_TYPE = YES_ERROR;
				GCC_WARN_UNDECLARED_SELECTOR = YES;
				GCC_WARN_UNINITIALIZED_AUTOS = YES_AGGRESSIVE;
				GCC_WARN_UNUSED_FUNCTION = YES;
				GCC_WARN_UNUSED_VARIABLE = YES;
				IPHONEOS_DEPLOYMENT_TARGET = 10.3;
				MTL_ENABLE_DEBUG_INFO = YES;
				ONLY_ACTIVE_ARCH = YES;
				SDKROOT = iphoneos;
			};
			name = Debug;
		};
		027840611E96C3EE00E231F1 /* Release */ = {
			isa = XCBuildConfiguration;
			buildSettings = {
				ALWAYS_SEARCH_USER_PATHS = NO;
				CLANG_ANALYZER_NONNULL = YES;
				CLANG_ANALYZER_NUMBER_OBJECT_CONVERSION = YES_AGGRESSIVE;
				CLANG_CXX_LANGUAGE_STANDARD = "gnu++0x";
				CLANG_CXX_LIBRARY = "libc++";
				CLANG_ENABLE_MODULES = YES;
				CLANG_ENABLE_OBJC_ARC = YES;
				CLANG_WARN_BOOL_CONVERSION = YES;
				CLANG_WARN_CONSTANT_CONVERSION = YES;
				CLANG_WARN_DIRECT_OBJC_ISA_USAGE = YES_ERROR;
				CLANG_WARN_DOCUMENTATION_COMMENTS = YES;
				CLANG_WARN_EMPTY_BODY = YES;
				CLANG_WARN_ENUM_CONVERSION = YES;
				CLANG_WARN_INFINITE_RECURSION = YES;
				CLANG_WARN_INT_CONVERSION = YES;
				CLANG_WARN_OBJC_ROOT_CLASS = YES_ERROR;
				CLANG_WARN_SUSPICIOUS_MOVE = YES;
				CLANG_WARN_UNREACHABLE_CODE = YES;
				CLANG_WARN__DUPLICATE_METHOD_MATCH = YES;
				"CODE_SIGN_IDENTITY[sdk=iphoneos*]" = "iPhone Developer";
				COPY_PHASE_STRIP = NO;
				DEBUG_INFORMATION_FORMAT = "dwarf-with-dsym";
				ENABLE_NS_ASSERTIONS = NO;
				ENABLE_STRICT_OBJC_MSGSEND = YES;
				GCC_C_LANGUAGE_STANDARD = gnu99;
				GCC_NO_COMMON_BLOCKS = YES;
				GCC_WARN_64_TO_32_BIT_CONVERSION = YES;
				GCC_WARN_ABOUT_RETURN_TYPE = YES_ERROR;
				GCC_WARN_UNDECLARED_SELECTOR = YES;
				GCC_WARN_UNINITIALIZED_AUTOS = YES_AGGRESSIVE;
				GCC_WARN_UNUSED_FUNCTION = YES;
				GCC_WARN_UNUSED_VARIABLE = YES;
				IPHONEOS_DEPLOYMENT_TARGET = 10.3;
				MTL_ENABLE_DEBUG_INFO = NO;
				SDKROOT = iphoneos;
				VALIDATE_PRODUCT = YES;
			};
			name = Release;
		};
		027840631E96C3EE00E231F1 /* Debug */ = {
			isa = XCBuildConfiguration;
			baseConfigurationReference = 8A1B574031C44AC1C01A88BA /* Pods-bro.debug.xcconfig */;
			buildSettings = {
				ASSETCATALOG_COMPILER_APPICON_NAME = AppIcon;
				DEVELOPMENT_TEAM = NTP2A7PJM8;
				INFOPLIST_FILE = bro/Info.plist;
				LD_RUNPATH_SEARCH_PATHS = "$(inherited) @executable_path/Frameworks";
				PRODUCT_BUNDLE_IDENTIFIER = com.garytokman.bro;
				PRODUCT_NAME = "$(TARGET_NAME)";
			};
			name = Debug;
		};
		027840641E96C3EE00E231F1 /* Release */ = {
			isa = XCBuildConfiguration;
			baseConfigurationReference = 1E7978981E31365E53249527 /* Pods-bro.release.xcconfig */;
			buildSettings = {
				ASSETCATALOG_COMPILER_APPICON_NAME = AppIcon;
				DEVELOPMENT_TEAM = NTP2A7PJM8;
				INFOPLIST_FILE = bro/Info.plist;
				LD_RUNPATH_SEARCH_PATHS = "$(inherited) @executable_path/Frameworks";
				PRODUCT_BUNDLE_IDENTIFIER = com.garytokman.bro;
				PRODUCT_NAME = "$(TARGET_NAME)";
			};
			name = Release;
		};
/* End XCBuildConfiguration section */

/* Begin XCConfigurationList section */
		027840461E96C3EE00E231F1 /* Build configuration list for PBXProject "bro" */ = {
			isa = XCConfigurationList;
			buildConfigurations = (
				027840601E96C3EE00E231F1 /* Debug */,
				027840611E96C3EE00E231F1 /* Release */,
			);
			defaultConfigurationIsVisible = 0;
			defaultConfigurationName = Release;
		};
		027840621E96C3EE00E231F1 /* Build configuration list for PBXNativeTarget "bro" */ = {
			isa = XCConfigurationList;
			buildConfigurations = (
				027840631E96C3EE00E231F1 /* Debug */,
				027840641E96C3EE00E231F1 /* Release */,
			);
			defaultConfigurationIsVisible = 0;
			defaultConfigurationName = Release;
		};
/* End XCConfigurationList section */
	};
	rootObject = 027840431E96C3EE00E231F1 /* Project object */;
}
